<?xml version="1.0" encoding="utf-8"?>
<Project ToolsVersion="4.0" xmlns="http://schemas.microsoft.com/developer/msbuild/2003">
  <ItemGroup>
    <Filter Include="Resource Files">
      <UniqueIdentifier>{67DA6AB6-F800-4c08-8B7A-83BB121AAD01}</UniqueIdentifier>
      <Extensions>rc;ico;cur;bmp;dlg;rc2;rct;bin;rgs;gif;jpg;jpeg;jpe;resx;tiff;tif;png;wav;mfcribbon-ms</Extensions>
    </Filter>
    <Filter Include="Vulkan">
      <UniqueIdentifier>{573bca07-c846-4af3-96f0-a627c515b122}</UniqueIdentifier>
    </Filter>
    <Filter Include="Vulkan\headers">
      <UniqueIdentifier>{632c86f0-ea26-4682-85ea-0ef9d4d6fbaa}</UniqueIdentifier>
    </Filter>
    <Filter Include="Vulkan\source">
      <UniqueIdentifier>{0d41f0ba-f084-4668-9392-c74051d1ca53}</UniqueIdentifier>
    </Filter>
    <Filter Include="OGame">
      <UniqueIdentifier>{8ee7d65b-94cd-4741-b18b-9b8cfb7c22e0}</UniqueIdentifier>
    </Filter>
    <Filter Include="Engine">
      <UniqueIdentifier>{862520df-70e2-41c7-b818-592be4755f49}</UniqueIdentifier>
    </Filter>
    <Filter Include="Engine\ObjectFramework">
      <UniqueIdentifier>{77fa4fde-0d98-4b87-a2dd-7af9169cbc69}</UniqueIdentifier>
    </Filter>
    <Filter Include="Engine\Mesh">
      <UniqueIdentifier>{47dcdb11-b4c6-4788-bac3-d71a6996c5d8}</UniqueIdentifier>
    </Filter>
    <Filter Include="Engine\ObjectFramework\components">
      <UniqueIdentifier>{364d2c32-0be2-4624-922e-49b9a3da8177}</UniqueIdentifier>
    </Filter>
    <Filter Include="Engine\Player">
      <UniqueIdentifier>{3a8f97f0-3161-44a7-9d9a-011267e796f4}</UniqueIdentifier>
    </Filter>
    <Filter Include="Engine\world">
      <UniqueIdentifier>{ffd91599-4bd0-44b8-bdac-ffb77f9b7b80}</UniqueIdentifier>
    </Filter>
  </ItemGroup>
  <ItemGroup>
    <ClCompile Include="VkRenderTask.cpp">
      <Filter>Vulkan\source</Filter>
    </ClCompile>
    <ClCompile Include="VkRenderGroup.cpp">
      <Filter>Vulkan\source</Filter>
    </ClCompile>
    <ClCompile Include="VulkanRenderer.cpp">
      <Filter>Vulkan\source</Filter>
    </ClCompile>
    <ClCompile Include="Mesh.cpp">
      <Filter>Engine\Mesh</Filter>
    </ClCompile>
    <ClCompile Include="StaticMesh.cpp">
      <Filter>Engine\Mesh</Filter>
    </ClCompile>
    <ClCompile Include="PlaneMesh.cpp">
      <Filter>Engine\Mesh</Filter>
    </ClCompile>
    <ClCompile Include="main.cpp" />
    <ClCompile Include="Plane.cpp" />
    <ClCompile Include="Camera.cpp">
      <Filter>Vulkan</Filter>
    </ClCompile>
    <ClCompile Include="GameState.cpp">
      <Filter>Engine\world</Filter>
    </ClCompile>
    <ClCompile Include="GameInstance.cpp">
      <Filter>Engine\world</Filter>
    </ClCompile>
    <ClCompile Include="Level.cpp">
      <Filter>Engine\world</Filter>
    </ClCompile>
    <ClCompile Include="InputComponent.cpp">
      <Filter>Engine\Player</Filter>
    </ClCompile>
    <ClCompile Include="Player.cpp">
      <Filter>Engine\Player</Filter>
    </ClCompile>
    <ClCompile Include="PlayerController.cpp">
      <Filter>Engine\Player</Filter>
    </ClCompile>
    <ClCompile Include="ActorComponent.cpp">
      <Filter>Engine\ObjectFramework\components</Filter>
    </ClCompile>
    <ClCompile Include="MeshComponent.cpp">
      <Filter>Engine\ObjectFramework\components</Filter>
    </ClCompile>
    <ClCompile Include="PhysicalComponent.cpp">
      <Filter>Engine\ObjectFramework\components</Filter>
    </ClCompile>
    <ClCompile Include="SpatialComponent.cpp">
      <Filter>Engine\ObjectFramework\components</Filter>
    </ClCompile>
    <ClCompile Include="StaticMeshComponent.cpp">
      <Filter>Engine\ObjectFramework\components</Filter>
    </ClCompile>
    <ClCompile Include="Actor.cpp">
      <Filter>Engine\ObjectFramework</Filter>
    </ClCompile>
    <ClCompile Include="Entity.cpp">
      <Filter>Engine\ObjectFramework</Filter>
    </ClCompile>
    <ClCompile Include="StaticMeshActor.cpp">
      <Filter>Engine\ObjectFramework</Filter>
    </ClCompile>
    <ClCompile Include="Pawn.cpp">
      <Filter>Engine\ObjectFramework</Filter>
    </ClCompile>
    <ClCompile Include="OGameInstance.cpp">
      <Filter>OGame</Filter>
    </ClCompile>
    <ClCompile Include="SILevelOne.cpp">
      <Filter>OGame</Filter>
    </ClCompile>
    <ClCompile Include="SpaceshipFighter.cpp">
      <Filter>OGame</Filter>
    </ClCompile>
    <ClCompile Include="b2RayCastCallbackHit.cpp" />
    <ClCompile Include="b2RayCastCallbackClosestHit.cpp" />
    <ClCompile Include="..\Box2D\Rope\b2Rope.cpp" />
    <ClCompile Include="..\Box2D\Dynamics\b2Body.cpp" />
    <ClCompile Include="..\Box2D\Dynamics\b2ContactManager.cpp" />
    <ClCompile Include="..\Box2D\Dynamics\b2Fixture.cpp" />
    <ClCompile Include="..\Box2D\Dynamics\b2Island.cpp" />
    <ClCompile Include="..\Box2D\Dynamics\b2World.cpp" />
    <ClCompile Include="..\Box2D\Dynamics\b2WorldCallbacks.cpp" />
    <ClCompile Include="..\Box2D\Dynamics\Joints\b2DistanceJoint.cpp" />
    <ClCompile Include="..\Box2D\Dynamics\Joints\b2FrictionJoint.cpp" />
    <ClCompile Include="..\Box2D\Dynamics\Joints\b2GearJoint.cpp" />
    <ClCompile Include="..\Box2D\Dynamics\Joints\b2Joint.cpp" />
    <ClCompile Include="..\Box2D\Dynamics\Joints\b2MotorJoint.cpp" />
    <ClCompile Include="..\Box2D\Dynamics\Joints\b2MouseJoint.cpp" />
    <ClCompile Include="..\Box2D\Dynamics\Joints\b2PrismaticJoint.cpp" />
    <ClCompile Include="..\Box2D\Dynamics\Joints\b2PulleyJoint.cpp" />
    <ClCompile Include="..\Box2D\Dynamics\Joints\b2RevoluteJoint.cpp" />
    <ClCompile Include="..\Box2D\Dynamics\Joints\b2RopeJoint.cpp" />
    <ClCompile Include="..\Box2D\Dynamics\Joints\b2WeldJoint.cpp" />
    <ClCompile Include="..\Box2D\Dynamics\Joints\b2WheelJoint.cpp" />
    <ClCompile Include="..\Box2D\Dynamics\Contacts\b2ChainAndCircleContact.cpp" />
    <ClCompile Include="..\Box2D\Dynamics\Contacts\b2ChainAndPolygonContact.cpp" />
    <ClCompile Include="..\Box2D\Dynamics\Contacts\b2CircleContact.cpp" />
    <ClCompile Include="..\Box2D\Dynamics\Contacts\b2Contact.cpp" />
    <ClCompile Include="..\Box2D\Dynamics\Contacts\b2ContactSolver.cpp" />
    <ClCompile Include="..\Box2D\Dynamics\Contacts\b2EdgeAndCircleContact.cpp" />
    <ClCompile Include="..\Box2D\Dynamics\Contacts\b2EdgeAndPolygonContact.cpp" />
    <ClCompile Include="..\Box2D\Dynamics\Contacts\b2PolygonAndCircleContact.cpp" />
    <ClCompile Include="..\Box2D\Dynamics\Contacts\b2PolygonContact.cpp" />
    <ClCompile Include="..\Box2D\Common\b2BlockAllocator.cpp" />
    <ClCompile Include="..\Box2D\Common\b2Draw.cpp" />
    <ClCompile Include="..\Box2D\Common\b2Math.cpp" />
    <ClCompile Include="..\Box2D\Common\b2Settings.cpp" />
    <ClCompile Include="..\Box2D\Common\b2StackAllocator.cpp" />
    <ClCompile Include="..\Box2D\Common\b2Timer.cpp" />
    <ClCompile Include="..\Box2D\Collision\b2BroadPhase.cpp" />
    <ClCompile Include="..\Box2D\Collision\b2CollideCircle.cpp" />
    <ClCompile Include="..\Box2D\Collision\b2CollideEdge.cpp" />
    <ClCompile Include="..\Box2D\Collision\b2CollidePolygon.cpp" />
    <ClCompile Include="..\Box2D\Collision\b2Collision.cpp" />
    <ClCompile Include="..\Box2D\Collision\b2Distance.cpp" />
    <ClCompile Include="..\Box2D\Collision\b2DynamicTree.cpp" />
    <ClCompile Include="..\Box2D\Collision\b2TimeOfImpact.cpp" />
    <ClCompile Include="..\Box2D\Collision\Shapes\b2ChainShape.cpp" />
    <ClCompile Include="..\Box2D\Collision\Shapes\b2CircleShape.cpp" />
    <ClCompile Include="..\Box2D\Collision\Shapes\b2EdgeShape.cpp" />
    <ClCompile Include="..\Box2D\Collision\Shapes\b2PolygonShape.cpp" />
  </ItemGroup>
  <ItemGroup>
    <ClInclude Include="VkRenderTask.h">
      <Filter>Vulkan\headers</Filter>
    </ClInclude>
    <ClInclude Include="VkRenderGroup.h">
      <Filter>Vulkan\headers</Filter>
    </ClInclude>
    <ClInclude Include="VulkanRenderer.h">
      <Filter>Vulkan\headers</Filter>
    </ClInclude>
    <ClInclude Include="Mesh.h">
      <Filter>Engine\Mesh</Filter>
    </ClInclude>
    <ClInclude Include="StaticMesh.h">
      <Filter>Engine\Mesh</Filter>
    </ClInclude>
    <ClInclude Include="PlaneMesh.h">
      <Filter>Engine\Mesh</Filter>
    </ClInclude>
    <ClInclude Include="Plane.h" />
    <ClInclude Include="Camera.h">
      <Filter>Vulkan</Filter>
    </ClInclude>
    <ClInclude Include="GameState.h">
      <Filter>Engine\world</Filter>
    </ClInclude>
    <ClInclude Include="GameInstance.h">
      <Filter>Engine\world</Filter>
    </ClInclude>
    <ClInclude Include="Level.h">
      <Filter>Engine\world</Filter>
    </ClInclude>
    <ClInclude Include="InputComponent.h">
      <Filter>Engine\Player</Filter>
    </ClInclude>
    <ClInclude Include="Player.h">
      <Filter>Engine\Player</Filter>
    </ClInclude>
    <ClInclude Include="PlayerController.h">
      <Filter>Engine\Player</Filter>
    </ClInclude>
    <ClInclude Include="ActorComponent.h">
      <Filter>Engine\ObjectFramework\components</Filter>
    </ClInclude>
    <ClInclude Include="MeshComponent.h">
      <Filter>Engine\ObjectFramework\components</Filter>
    </ClInclude>
    <ClInclude Include="PhysicalComponent.h">
      <Filter>Engine\ObjectFramework\components</Filter>
    </ClInclude>
    <ClInclude Include="SpatialComponent.h">
      <Filter>Engine\ObjectFramework\components</Filter>
    </ClInclude>
    <ClInclude Include="StaticMeshComponent.h">
      <Filter>Engine\ObjectFramework\components</Filter>
    </ClInclude>
    <ClInclude Include="Actor.h">
      <Filter>Engine\ObjectFramework</Filter>
    </ClInclude>
    <ClInclude Include="Entity.h">
      <Filter>Engine\ObjectFramework</Filter>
    </ClInclude>
    <ClInclude Include="StaticMeshActor.h">
      <Filter>Engine\ObjectFramework</Filter>
    </ClInclude>
    <ClInclude Include="Pawn.h">
      <Filter>Engine\ObjectFramework</Filter>
    </ClInclude>
    <ClInclude Include="OGameInstance.h">
      <Filter>OGame</Filter>
    </ClInclude>
    <ClInclude Include="SILevelOne.h">
      <Filter>OGame</Filter>
    </ClInclude>
    <ClInclude Include="SpaceshipFighter.h">
      <Filter>OGame</Filter>
    </ClInclude>
    <ClInclude Include="b2RayCastCallbackHit.h" />
    <ClInclude Include="b2RayCastCallbackClosestHit.h" />
    <ClInclude Include="..\Box2D\Box2D.h" />
    <ClInclude Include="..\Box2D\Rope\b2Rope.h" />
    <ClInclude Include="..\Box2D\Dynamics\b2Body.h" />
    <ClInclude Include="..\Box2D\Dynamics\b2ContactManager.h" />
    <ClInclude Include="..\Box2D\Dynamics\b2Fixture.h" />
    <ClInclude Include="..\Box2D\Dynamics\b2Island.h" />
    <ClInclude Include="..\Box2D\Dynamics\b2TimeStep.h" />
    <ClInclude Include="..\Box2D\Dynamics\b2World.h" />
    <ClInclude Include="..\Box2D\Dynamics\b2WorldCallbacks.h" />
    <ClInclude Include="..\Box2D\Dynamics\Joints\b2DistanceJoint.h" />
    <ClInclude Include="..\Box2D\Dynamics\Joints\b2FrictionJoint.h" />
    <ClInclude Include="..\Box2D\Dynamics\Joints\b2GearJoint.h" />
    <ClInclude Include="..\Box2D\Dynamics\Joints\b2Joint.h" />
    <ClInclude Include="..\Box2D\Dynamics\Joints\b2MotorJoint.h" />
    <ClInclude Include="..\Box2D\Dynamics\Joints\b2MouseJoint.h" />
    <ClInclude Include="..\Box2D\Dynamics\Joints\b2PrismaticJoint.h" />
    <ClInclude Include="..\Box2D\Dynamics\Joints\b2PulleyJoint.h" />
    <ClInclude Include="..\Box2D\Dynamics\Joints\b2RevoluteJoint.h" />
    <ClInclude Include="..\Box2D\Dynamics\Joints\b2RopeJoint.h" />
    <ClInclude Include="..\Box2D\Dynamics\Joints\b2WeldJoint.h" />
    <ClInclude Include="..\Box2D\Dynamics\Joints\b2WheelJoint.h" />
    <ClInclude Include="..\Box2D\Dynamics\Contacts\b2ChainAndCircleContact.h" />
    <ClInclude Include="..\Box2D\Dynamics\Contacts\b2ChainAndPolygonContact.h" />
    <ClInclude Include="..\Box2D\Dynamics\Contacts\b2CircleContact.h" />
    <ClInclude Include="..\Box2D\Dynamics\Contacts\b2Contact.h" />
    <ClInclude Include="..\Box2D\Dynamics\Contacts\b2ContactSolver.h" />
    <ClInclude Include="..\Box2D\Dynamics\Contacts\b2EdgeAndCircleContact.h" />
    <ClInclude Include="..\Box2D\Dynamics\Contacts\b2EdgeAndPolygonContact.h" />
    <ClInclude Include="..\Box2D\Dynamics\Contacts\b2PolygonAndCircleContact.h" />
    <ClInclude Include="..\Box2D\Dynamics\Contacts\b2PolygonContact.h" />
    <ClInclude Include="..\Box2D\Common\b2BlockAllocator.h" />
    <ClInclude Include="..\Box2D\Common\b2Draw.h" />
    <ClInclude Include="..\Box2D\Common\b2GrowableStack.h" />
    <ClInclude Include="..\Box2D\Common\b2Math.h" />
    <ClInclude Include="..\Box2D\Common\b2Settings.h" />
    <ClInclude Include="..\Box2D\Common\b2StackAllocator.h" />
    <ClInclude Include="..\Box2D\Common\b2Timer.h" />
    <ClInclude Include="..\Box2D\Collision\b2BroadPhase.h" />
    <ClInclude Include="..\Box2D\Collision\b2Collision.h" />
    <ClInclude Include="..\Box2D\Collision\b2Distance.h" />
    <ClInclude Include="..\Box2D\Collision\b2DynamicTree.h" />
    <ClInclude Include="..\Box2D\Collision\b2TimeOfImpact.h" />
    <ClInclude Include="..\Box2D\Collision\Shapes\b2ChainShape.h" />
    <ClInclude Include="..\Box2D\Collision\Shapes\b2CircleShape.h" />
    <ClInclude Include="..\Box2D\Collision\Shapes\b2EdgeShape.h" />
    <ClInclude Include="..\Box2D\Collision\Shapes\b2PolygonShape.h" />
    <ClInclude Include="..\Box2D\Collision\Shapes\b2Shape.h" />
  </ItemGroup>
</Project>